
Microsoft Visual Studio Solution File, Format Version 12.00
# Visual Studio Version 16
VisualStudioVersion = 16.0.29519.87
MinimumVisualStudioVersion = 10.0.40219.1
Project("{FAE04EC0-301F-11D3-BF4B-00C04F79EFBC}") = "finalProyect", "finalProyect\finalProyect.csproj", "{EE9E90D0-96A9-484D-A572-93D1D5EFD0E3}"
EndProject
Global
	GlobalSection(SolutionConfigurationPlatforms) = preSolution
		Debug|Any CPU = Debug|Any CPU
		Release|Any CPU = Release|Any CPU
	EndGlobalSection
	GlobalSection(ProjectConfigurationPlatforms) = postSolution
		{EE9E90D0-96A9-484D-A572-93D1D5EFD0E3}.Debug|Any CPU.ActiveCfg = Debug|Any CPU
		{EE9E90D0-96A9-484D-A572-93D1D5EFD0E3}.Debug|Any CPU.Build.0 = Debug|Any CPU
		{EE9E90D0-96A9-484D-A572-93D1D5EFD0E3}.Release|Any CPU.ActiveCfg = Release|Any CPU
		{EE9E90D0-96A9-484D-A572-93D1D5EFD0E3}.Release|Any CPU.Build.0 = Release|Any CPU
	EndGlobalSection
	GlobalSection(SolutionProperties) = preSolution
		HideSolutionNode = FALSE
	EndGlobalSection
	GlobalSection(ExtensibilityGlobals) = postSolution
		SolutionGuid = {6B7C4100-7951-4790-83B5-C810279579B6}
	EndGlobalSection
EndGlobal
